
Microsoft Visual Studio Solution File, Format Version 12.00
# Visual Studio 14
VisualStudioVersion = 14.0.24720.0
MinimumVisualStudioVersion = 10.0.40219.1
Project("{FAE04EC0-301F-11D3-BF4B-00C04F79EFBC}") = "WhileSchleife", "WhileSchleife\WhileSchleife.csproj", "{75C94E21-9019-42EF-8767-FDD0AC4F6C53}"
EndProject
Project("{FAE04EC0-301F-11D3-BF4B-00C04F79EFBC}") = "SchlüsselwortStatic", "SchlüsselwortStatic\SchlüsselwortStatic.csproj", "{8674BC1A-1604-4575-978F-56C36EBA6A5F}"
EndProject
Global
	GlobalSection(SolutionConfigurationPlatforms) = preSolution
		Debug|Any CPU = Debug|Any CPU
		Release|Any CPU = Release|Any CPU
	EndGlobalSection
	GlobalSection(ProjectConfigurationPlatforms) = postSolution
		{75C94E21-9019-42EF-8767-FDD0AC4F6C53}.Debug|Any CPU.ActiveCfg = Debug|Any CPU
		{75C94E21-9019-42EF-8767-FDD0AC4F6C53}.Debug|Any CPU.Build.0 = Debug|Any CPU
		{75C94E21-9019-42EF-8767-FDD0AC4F6C53}.Release|Any CPU.ActiveCfg = Release|Any CPU
		{75C94E21-9019-42EF-8767-FDD0AC4F6C53}.Release|Any CPU.Build.0 = Release|Any CPU
		{8674BC1A-1604-4575-978F-56C36EBA6A5F}.Debug|Any CPU.ActiveCfg = Debug|Any CPU
		{8674BC1A-1604-4575-978F-56C36EBA6A5F}.Debug|Any CPU.Build.0 = Debug|Any CPU
		{8674BC1A-1604-4575-978F-56C36EBA6A5F}.Release|Any CPU.ActiveCfg = Release|Any CPU
		{8674BC1A-1604-4575-978F-56C36EBA6A5F}.Release|Any CPU.Build.0 = Release|Any CPU
	EndGlobalSection
	GlobalSection(SolutionProperties) = preSolution
		HideSolutionNode = FALSE
	EndGlobalSection
EndGlobal
