
Microsoft Visual Studio Solution File, Format Version 12.00
# Visual Studio Version 16
VisualStudioVersion = 16.0.29613.14
MinimumVisualStudioVersion = 10.0.40219.1
Project("{FAE04EC0-301F-11D3-BF4B-00C04F79EFBC}") = "WhileSchleife", "WhileSchleife\WhileSchleife.csproj", "{75C94E21-9019-42EF-8767-FDD0AC4F6C53}"
EndProject
Project("{FAE04EC0-301F-11D3-BF4B-00C04F79EFBC}") = "SchlüsselwortStatic", "SchlüsselwortStatic\SchlüsselwortStatic.csproj", "{8674BC1A-1604-4575-978F-56C36EBA6A5F}"
EndProject
Project("{FAE04EC0-301F-11D3-BF4B-00C04F79EFBC}") = "Methoden", "Methoden\Methoden.csproj", "{19774216-D2B6-4071-8E02-231E805DE55A}"
EndProject
Project("{FAE04EC0-301F-11D3-BF4B-00C04F79EFBC}") = "ForSchleife", "ForSchleife\ForSchleife.csproj", "{7AC71C32-31BE-4D74-89A3-5A4A864B2A34}"
EndProject
Project("{FAE04EC0-301F-11D3-BF4B-00C04F79EFBC}") = "Enums", "Enums\Enums.csproj", "{BF1039AB-E5AC-4B7F-B127-974B8344C5C5}"
EndProject
Project("{FAE04EC0-301F-11D3-BF4B-00C04F79EFBC}") = "ZweiDimensionalesArray", "ZweiDimensionalesArray\ZweiDimensionalesArray.csproj", "{CF2A3A47-6087-42E6-86FD-B8156E319798}"
EndProject
Project("{FAE04EC0-301F-11D3-BF4B-00C04F79EFBC}") = "Interfaces", "Interfaces\Interfaces.csproj", "{FF2735F5-42EE-420F-9F9E-9A88E1B8B93D}"
EndProject
Global
	GlobalSection(SolutionConfigurationPlatforms) = preSolution
		Debug|Any CPU = Debug|Any CPU
		Release|Any CPU = Release|Any CPU
	EndGlobalSection
	GlobalSection(ProjectConfigurationPlatforms) = postSolution
		{75C94E21-9019-42EF-8767-FDD0AC4F6C53}.Debug|Any CPU.ActiveCfg = Debug|Any CPU
		{75C94E21-9019-42EF-8767-FDD0AC4F6C53}.Debug|Any CPU.Build.0 = Debug|Any CPU
		{75C94E21-9019-42EF-8767-FDD0AC4F6C53}.Release|Any CPU.ActiveCfg = Release|Any CPU
		{75C94E21-9019-42EF-8767-FDD0AC4F6C53}.Release|Any CPU.Build.0 = Release|Any CPU
		{8674BC1A-1604-4575-978F-56C36EBA6A5F}.Debug|Any CPU.ActiveCfg = Debug|Any CPU
		{8674BC1A-1604-4575-978F-56C36EBA6A5F}.Debug|Any CPU.Build.0 = Debug|Any CPU
		{8674BC1A-1604-4575-978F-56C36EBA6A5F}.Release|Any CPU.ActiveCfg = Release|Any CPU
		{8674BC1A-1604-4575-978F-56C36EBA6A5F}.Release|Any CPU.Build.0 = Release|Any CPU
		{19774216-D2B6-4071-8E02-231E805DE55A}.Debug|Any CPU.ActiveCfg = Debug|Any CPU
		{19774216-D2B6-4071-8E02-231E805DE55A}.Debug|Any CPU.Build.0 = Debug|Any CPU
		{19774216-D2B6-4071-8E02-231E805DE55A}.Release|Any CPU.ActiveCfg = Release|Any CPU
		{19774216-D2B6-4071-8E02-231E805DE55A}.Release|Any CPU.Build.0 = Release|Any CPU
		{7AC71C32-31BE-4D74-89A3-5A4A864B2A34}.Debug|Any CPU.ActiveCfg = Debug|Any CPU
		{7AC71C32-31BE-4D74-89A3-5A4A864B2A34}.Debug|Any CPU.Build.0 = Debug|Any CPU
		{7AC71C32-31BE-4D74-89A3-5A4A864B2A34}.Release|Any CPU.ActiveCfg = Release|Any CPU
		{7AC71C32-31BE-4D74-89A3-5A4A864B2A34}.Release|Any CPU.Build.0 = Release|Any CPU
		{BF1039AB-E5AC-4B7F-B127-974B8344C5C5}.Debug|Any CPU.ActiveCfg = Debug|Any CPU
		{BF1039AB-E5AC-4B7F-B127-974B8344C5C5}.Debug|Any CPU.Build.0 = Debug|Any CPU
		{BF1039AB-E5AC-4B7F-B127-974B8344C5C5}.Release|Any CPU.ActiveCfg = Release|Any CPU
		{BF1039AB-E5AC-4B7F-B127-974B8344C5C5}.Release|Any CPU.Build.0 = Release|Any CPU
		{CF2A3A47-6087-42E6-86FD-B8156E319798}.Debug|Any CPU.ActiveCfg = Debug|Any CPU
		{CF2A3A47-6087-42E6-86FD-B8156E319798}.Debug|Any CPU.Build.0 = Debug|Any CPU
		{CF2A3A47-6087-42E6-86FD-B8156E319798}.Release|Any CPU.ActiveCfg = Release|Any CPU
		{CF2A3A47-6087-42E6-86FD-B8156E319798}.Release|Any CPU.Build.0 = Release|Any CPU
		{FF2735F5-42EE-420F-9F9E-9A88E1B8B93D}.Debug|Any CPU.ActiveCfg = Debug|Any CPU
		{FF2735F5-42EE-420F-9F9E-9A88E1B8B93D}.Debug|Any CPU.Build.0 = Debug|Any CPU
		{FF2735F5-42EE-420F-9F9E-9A88E1B8B93D}.Release|Any CPU.ActiveCfg = Release|Any CPU
		{FF2735F5-42EE-420F-9F9E-9A88E1B8B93D}.Release|Any CPU.Build.0 = Release|Any CPU
	EndGlobalSection
	GlobalSection(SolutionProperties) = preSolution
		HideSolutionNode = FALSE
	EndGlobalSection
	GlobalSection(ExtensibilityGlobals) = postSolution
		SolutionGuid = {E30F0817-FD39-4711-962E-C2156E72B500}
	EndGlobalSection
EndGlobal
